{
    "requires": true,
    "lockfileVersion": 1,
    "dependencies": {
        "vue-easy-lightbox": {
            "version": "1.19.0",
            "resolved": "https://registry.npmjs.org/vue-easy-lightbox/-/vue-easy-lightbox-1.19.0.tgz",
            "integrity": "sha512-YxLXgjEn91UF3DuK1y8u3Pyx2sJ7a/MnBpkyrBSQkvU1glzEJASyAZ7N+5yDpmxBQDVMwCsL2VmxWGIiFrWCgA=="
        }
    }
}
